/* bench 17972.0.0 76fe972d948e */
/* bench 17972.0.1 06d324031936 */
/* bench 17972.0.2 aabdab89b984 */
/* bench 17972.0.3 7dbdc744aae4 */
/* bench 17972.0.4 b587f9fbb44e */
/* bench 17972.0.5 c83725aa9f2c */
/* bench 17972.0.6 350a2ddbc78d */
---
$id: http://devicetree.org/schemas/hwlock/ti,omap-hwspinlock.yaml#
$schema: http://devicetree.org/meta-schemas/core.yaml#

title: TI HwSpinlock for OMAP and K3 based SoCs

maintainers:
  - Suman Anna <s-anna@ti.com>

properties:
  compatible:
    enum:
      - ti,omap4-hwspinlock  # for OMAP44xx, OMAP54xx, AM33xx, AM43xx, DRA7xx SoCs
      - ti,am64-hwspinlock   # for K3 AM64x SoCs
      - ti,am654-hwspinlock  # for K3 AM65x, J721E and J7200 SoCs

  reg:
    maxItems: 1

  "#hwlock-cells":
    const: 1
    description: |
      The OMAP hwspinlock users will use a 0-indexed relative hwlock number as
      the argument specifier value for requesting a specific hwspinlock within
      a hwspinlock bank.

      Please look at the generic hwlock binding for usage information for
      consumers, "Documentation/devicetree/bindings/hwlock/hwlock.txt"

required:
  - compatible
  - reg
  - "#hwlock-cells"

additionalProperties: false

/* bench 24806.0.0 559c80a74297 */
/* bench 24806.0.1 bc55044a611b */
/* bench 24806.0.2 bdce72061885 */
/* bench 24806.0.3 e38cab73e3ea */
/* bench 24806.0.4 5d20edfb95a2 */
/* bench 24806.0.5 f6fa7e537bb6 */
/* bench 24806.0.6 961ae5c42a34 */
/* bench 24806.0.7 b9c962f91f25 */
/* bench 24806.0.8 06d0d80fee76 */
/* bench 24806.0.9 bc279fa0096d */
examples:

  - |
/* bench 15648.0.0 eeb0c590b4fe */
/* bench 15648.0.1 f645e1a43840 */
/* bench 15648.0.2 dcd68dd56ada */
/* bench 15648.0.3 6fa679417579 */
/* bench 15648.0.4 816ffeff967f */
/* bench 15648.0.5 644c453a454d */
/* bench 15648.0.6 3a85f09381f7 */
/* bench 15648.0.7 3f4390c52e6e */
/* bench 15648.0.8 78de04c681f7 */
/* bench 15648.0.9 f8ca05c6a7db */
/* bench 15648.0.10 9f1f13e397c3 */
/* bench 15648.0.11 41cf29658993 */
        reg = <0x4a0f6000 0x1000>;
        #hwlock-cells = <1>;
    };

  - |
    / {
        /* K3 AM65x SoCs */
        model = "Texas Instruments K3 AM654 SoC";
        compatible = "ti,am654-evm", "ti,am654";
        #address-cells = <2>;
        #size-cells = <2>;

        bus@100000 {
            compatible = "simple-bus";
            #address-cells = <2>;
            #size-cells = <2>;
            ranges = <0x00 0x00100000 0x00 0x00100000 0x00 0x00020000>, /* ctrl mmr */
                     <0x00 0x30800000 0x00 0x30800000 0x00 0x0bc00000>; /* Main NavSS */

            bus@30800000 {
                compatible = "simple-mfd";
                #address-cells = <2>;
                #size-cells = <2>;
                ranges = <0x00 0x30800000 0x00 0x30800000 0x00 0x0bc00000>;

                spinlock@30e00000 {
                    compatible = "ti,am654-hwspinlock";
                    reg = <0x00 0x30e00000 0x00 0x1000>;
                    #hwlock-cells = <1>;
                };
            };
        };
    };
