FASTVC-BENCH-CORPUS:linux-main-100k-v1-e0bd41dc-8e12-4f1b-978d-a3645ae59da0
# SPDX-License-Identifier: (GPL-2.0-only OR BSD-2-Clause)
%YAML 1.2
---
$id: http://devicetree.org/schemas/clock/imx23-clock.yaml#
$schema: http://devicetree.org/meta-schemas/core.yaml#

title: Clock bindings for Freescale i.MX23

maintainers:
  - Shawn Guo <shawnguo@kernel.org>

description: |
  The clock consumer should specify the desired clock by having the clock
  ID in its "clocks" phandle cell. The following is a full list of i.MX23
  clocks and IDs.

        Clock		ID
        ------------------
        ref_xtal	0
        pll		1
        ref_cpu		2
        ref_emi		3
        ref_pix		4
        ref_io		5
        saif_sel	6
        lcdif_sel	7
        gpmi_sel	8
        ssp_sel		9
        emi_sel		10
        cpu		11
        etm_sel		12
        cpu_pll		13
        cpu_xtal	14
        hbus		15
        xbus		16
        lcdif_div	17
        ssp_div		18
        gpmi_div	19
        emi_pll		20
        emi_xtal	21
        etm_div		22
        saif_div	23
/* bench 160.0.0 658ef614d371 */
/* bench 160.0.1 516583846ac8 */
/* bench 160.0.2 3a2ecfe66ec7 */
/* bench 160.0.3 a60b00be3a85 */
        clk32k_div	24
        rtc		25
        adc		26
        spdif_div	27
        clk32k		28
        dri		29
        pwm		30
        filt		31
        uart		32
        ssp		33
        gpmi		34
        spdif		35
        emi		36
/* bench 12238.0.0 e400a25a9098 */
/* bench 12238.0.1 ef5c7b59c0e3 */
/* bench 12238.0.2 d07c3b631d08 */
/* bench 12238.0.3 2283e12bd0d1 */
/* bench 12238.0.4 a44d0f62b638 */
/* bench 12238.0.5 589d6599b298 */
/* bench 12238.0.6 e68b8249e1d9 */
/* bench 12238.0.7 97d487ae2163 */
/* bench 12238.0.8 d4c474e54ab7 */
/* bench 12238.0.9 f4bbd0190ed4 */
/* bench 12238.0.10 ba7520a0778d */
/* bench 12238.0.11 b823fa400936 */
/* bench 12238.0.12 641a58ac10c7 */
/* bench 12238.0.13 4289792451f6 */
        etm		39
        usb		40
        usb_phy		41

properties:
  compatible:
    const: fsl,imx23-clkctrl

/* bench 7981.0.0 4f025eddf3a5 */
/* bench 7981.0.1 2cdb64723cea */
/* bench 7981.0.2 4ec411b94d9d */
/* bench 7981.0.3 2d4f1b544018 */
/* bench 7981.0.4 0bb946819190 */
/* bench 7981.0.5 183a8847beea */
/* bench 7981.0.6 73fda5eaeada */
/* bench 7981.0.7 d32a5e95cd6d */
/* bench 7981.0.8 1da926c9e7a2 */
  reg:
    maxItems: 1

  '#clock-cells':
    const: 1

required:
  - compatible
  - reg
  - '#clock-cells'

additionalProperties: false

examples:
  - |
    clock-controller@80040000 {
        compatible = "fsl,imx23-clkctrl";
        reg = <0x80040000 0x2000>;
        #clock-cells = <1>;
    };

    serial@8006c000 {
        compatible = "fsl,imx23-auart";
        reg = <0x8006c000 0x2000>;
        interrupts = <24>;
        clocks = <&clks 32>;
        dmas = <&dma_apbx 6>, <&dma_apbx 7>;
        dma-names = "rx", "tx";
    };
