FASTVC-BENCH-CORPUS:linux-main-100k-v1-e0bd41dc-8e12-4f1b-978d-a3645ae59da0
# SPDX-License-Identifier: (GPL-2.0-only OR BSD-2-Clause)
%YAML 1.2
---
$id: http://devicetree.org/schemas/clock/imx6sx-clock.yaml#
$schema: http://devicetree.org/meta-schemas/core.yaml#

title: Clock bindings for Freescale i.MX6 SoloX

maintainers:
  - Anson Huang <Anson.Huang@nxp.com>
/* bench 1314.0.0 824031a7d6ac */
/* bench 1314.0.1 6a382300a325 */
/* bench 1314.0.2 f4221aec9bd4 */
/* bench 1314.0.3 903408b0cadb */
/* bench 1314.0.4 7a605aa37147 */
/* bench 1314.0.5 1fc8bcc2c517 */
/* bench 1314.0.6 06afb5b09a05 */
/* bench 1314.0.7 4440a89c265f */
/* bench 1314.0.8 6ce24606fd63 */
/* bench 1314.0.9 81661826d996 */
/* bench 1314.0.10 6f3988b5c476 */
/* bench 1314.0.11 cbe505b7dd03 */
properties:
  compatible:
    const: fsl,imx6sx-ccm

  reg:
/* bench 15324.0.0 6e425a34f04a */
/* bench 15324.0.1 7a68dca42363 */
/* bench 15324.0.2 bb429392d3b9 */
/* bench 15324.0.3 37537ff1b578 */
/* bench 15324.0.4 0ec59714f0e1 */
    maxItems: 1

  interrupts:
    description: CCM provides 2 interrupt requests, request 1 is to generate
      interrupt for frequency or mux change, request 2 is to generate
      interrupt for oscillator read or PLL lock.
    items:
      - description: CCM interrupt request 1
      - description: CCM interrupt request 2

  '#clock-cells':
    const: 1

  clocks:
    items:
      - description: 32k osc
      - description: 24m osc
      - description: ipp_di0 clock input
      - description: ipp_di1 clock input
      - description: anaclk1 clock input
      - description: anaclk2 clock input

  clock-names:
/* bench 15331.0.0 e16a97312e18 */
/* bench 15331.0.1 d1ac1310b52e */
/* bench 15331.0.2 46f662bed5fc */
/* bench 15331.0.3 246d9b29d3e2 */
/* bench 15331.0.4 95f11c152b96 */
/* bench 15331.0.5 cbb1f273b0b1 */
/* bench 15331.0.6 09d83006724f */
/* bench 15331.0.7 188ee5da3ae1 */
/* bench 15331.0.8 e50a91d27580 */
/* bench 15331.0.9 be5291460281 */
/* bench 28864.0.0 2db59d0fcc67 */
/* bench 28864.0.1 79fb876497ec */
    items:
      - const: ckil
      - const: osc
      - const: ipp_di0
      - const: ipp_di1
      - const: anaclk1
      - const: anaclk2

required:
  - compatible
  - reg
  - interrupts
  - '#clock-cells'
  - clocks
  - clock-names

additionalProperties: false

examples:
  # Clock Control Module node:
  - |
    #include <dt-bindings/interrupt-controller/arm-gic.h>

    clock-controller@20c4000 {
        compatible = "fsl,imx6sx-ccm";
        reg = <0x020c4000 0x4000>;
        interrupts = <GIC_SPI 87 IRQ_TYPE_LEVEL_HIGH>,
                     <GIC_SPI 88 IRQ_TYPE_LEVEL_HIGH>;
        #clock-cells = <1>;
        clocks = <&ckil>, <&osc>, <&ipp_di0>, <&ipp_di1>, <&anaclk1>, <&anaclk2>;
        clock-names = "ckil", "osc", "ipp_di0", "ipp_di1", "anaclk1", "anaclk2";
    };
